{"version":4,"terraform_version":"1.10.6","serial":22,"lineage":"2f32ea94-c4f9-a0fc-eadc-93cf80c91deb","outputs":{},"resources":[{"mode":"managed","type":"proxmox_vm_qemu","name":"aasiaat","provider":"provider[\"registry.opentofu.org/telmate/proxmox\"]","instances":[{"schema_version":0,"attributes":{"additional_wait":5,"agent":1,"agent_timeout":90,"args":"","automatic_reboot":true,"balloon":0,"bios":"seabios","boot":"c","bootdisk":"scsi0","ci_wait":null,"cicustom":null,"cipassword":"","ciupgrade":false,"ciuser":"inuk","clone":null,"clone_id":null,"clone_wait":10,"cores":0,"cpu":[{"affinity":"","cores":2,"flags":[],"limit":0,"numa":false,"sockets":1,"type":"host","units":0,"vcores":0}],"cpu_type":"","current_node":"tiny01","default_ipv4_address":null,"default_ipv6_address":null,"define_connection_info":false,"desc":"","description":"Managed by Terraform.","disk":[],"disks":[{"ide":[{"ide0":[],"ide1":[],"ide2":[{"cdrom":[],"cloudinit":[{"storage":"local-lvm"}],"disk":[],"ignore":false,"passthrough":[]}],"ide3":[]}],"sata":[],"scsi":[{"scsi0":[{"cdrom":[],"cloudinit":[],"disk":[{"asyncio":"","backup":true,"cache":"","discard":false,"emulatessd":false,"format":"raw","id":0,"iops_r_burst":0,"iops_r_burst_length":0,"iops_r_concurrent":0,"iops_wr_burst":0,"iops_wr_burst_length":0,"iops_wr_concurrent":0,"iothread":false,"linked_disk_id":-1,"mbps_r_burst":0,"mbps_r_concurrent":0,"mbps_wr_burst":0,"mbps_wr_concurrent":0,"readonly":false,"replicate":true,"serial":"","size":"13824M","storage":"local-lvm","wwn":""}],"ignore":false,"passthrough":[]}],"scsi1":[{"cdrom":[],"cloudinit":[],"disk":[{"asyncio":"","backup":true,"cache":"","discard":false,"emulatessd":false,"format":"raw","id":1,"iops_r_burst":0,"iops_r_burst_length":0,"iops_r_concurrent":0,"iops_wr_burst":0,"iops_wr_burst_length":0,"iops_wr_concurrent":0,"iothread":false,"linked_disk_id":-1,"mbps_r_burst":0,"mbps_r_concurrent":0,"mbps_wr_burst":0,"mbps_wr_concurrent":0,"readonly":false,"replicate":true,"serial":"","size":"13824M","storage":"local-lvm","wwn":""}],"ignore":false,"passthrough":[]}],"scsi10":[],"scsi11":[],"scsi12":[],"scsi13":[],"scsi14":[],"scsi15":[],"scsi16":[],"scsi17":[],"scsi18":[],"scsi19":[],"scsi2":[],"scsi20":[],"scsi21":[],"scsi22":[],"scsi23":[],"scsi24":[],"scsi25":[],"scsi26":[],"scsi27":[],"scsi28":[],"scsi29":[],"scsi3":[],"scsi30":[],"scsi4":[],"scsi5":[],"scsi6":[],"scsi7":[],"scsi8":[],"scsi9":[]}],"virtio":[]}],"efidisk":[],"force_create":false,"force_recreate_on_change_of":null,"full_clone":false,"hagroup":"","hastate":"","hostpci":[],"hotplug":"network,disk,usb","id":"tiny01/qemu/103","ipconfig0":"ip=dhcp","ipconfig1":null,"ipconfig10":null,"ipconfig11":null,"ipconfig12":null,"ipconfig13":null,"ipconfig14":null,"ipconfig15":null,"ipconfig2":null,"ipconfig3":null,"ipconfig4":null,"ipconfig5":null,"ipconfig6":null,"ipconfig7":null,"ipconfig8":null,"ipconfig9":null,"kvm":true,"linked_vmid":0,"machine":"","memory":4096,"name":"aasiaat","nameserver":null,"network":[{"bridge":"vmbr0","firewall":false,"id":0,"link_down":false,"macaddr":"bc:24:11:4d:e3:59","model":"virtio","mtu":0,"queues":0,"rate":0,"tag":0}],"numa":false,"onboot":true,"os_network_config":null,"os_type":null,"pci":[],"pcis":[],"pool":"","protection":false,"pxe":null,"qemu_os":"other","reboot_required":false,"rng":[],"scsihw":"virtio-scsi-pci","searchdomain":null,"serial":[{"id":0,"type":"socket"}],"skip_ipv4":false,"skip_ipv6":false,"smbios":[{"family":"","manufacturer":"","product":"","serial":"","sku":"","uuid":"330aff9d-ff7b-4a41-9a7e-0a1edaff3ae5","version":""}],"sockets":0,"ssh_forward_ip":null,"ssh_host":null,"ssh_port":null,"ssh_private_key":null,"ssh_user":null,"sshkeys":"ssh-rsa AAAAB3NzaC1yc2EAAAADAQABAAACAQCt/gZ2kyCtEbD6gBf3Tqz6h+cou1YiJ1C1yw0MgDIujgbdPs9FBGXGuU0+qb38nKWzy6jhfWqDQ5O1zvuxccswYrL6GRyPjDd/bTX+qqaE6K5MI67LXzVYZvXOx/+pqsLoGYeuYvcj0jevvaUGI2gL4AWf0+/vGARdQHcFcmU5GnEx58DOfHO8aGDAUNG74lMd1djp40lLKH+LUwnCWiRe83hgdVSBGkLaDVYMBSjpM0aPXhp6Y/SnFSrlfqqcQbZ9y1YtmiGZ7eyLvgRj4Klaf4q/Y7j4finzROPPGFs1SZkne3HYhVvsHnE/xW1YmhjDovvcCJpkwPm6NSgnZSgt7t4skVNivootTiEaenG3MgY1QCih+tTZ3M0s0MQXcYu20LL+HSnmIKnUlUjhtR8us45GVl/oXbKWowDi1OE5+bg/0EXqDmdwpW+5gFBo4XvTOjygEwJG+Hai6l8BwacjLET/QxNTORmNoA4Zf/qVd+IXJSeGfqGtF2LmAewcGa6cZ4vq1sZN0ZV4VnK5GdkSTYmvf8rQcfnRd1oa5nKStGl48Sfa907NeIHTj/vSC6sgdPmZi7MndiRWDhYKE33BujGhSbErKZRhOStOATnth+9FthGAnX5tQ53zkYKA6wOynh/p/2j3/RzVPYrXVm+FkSaLCFNSvKB2kiivaAB1BQ== bastian@inuk.blog\n","startup":"","tablet":true,"tags":" ","target_node":null,"target_nodes":["tiny01"],"timeouts":null,"tpm_state":[],"unused_disk":[],"usb":[],"usbs":[],"vcpus":0,"vga":[],"vm_state":"running","vmid":103},"sensitive_attributes":[[{"type":"get_attr","value":"ssh_private_key"}],[{"type":"get_attr","value":"cipassword"}]],"private":"eyJlMmJmYjczMC1lY2FhLTExZTYtOGY4OC0zNDM2M2JjN2M0YzAiOnsiY3JlYXRlIjoxMjAwMDAwMDAwMDAwLCJkZWZhdWx0IjoxMjAwMDAwMDAwMDAwLCJkZWxldGUiOjEyMDAwMDAwMDAwMDAsInJlYWQiOjEyMDAwMDAwMDAwMDAsInVwZGF0ZSI6MTIwMDAwMDAwMDAwMH19"}]},{"module":"module.kubernetes_nodes[\"ilulissat\"]","mode":"managed","type":"proxmox_vm_qemu","name":"vm","provider":"provider[\"registry.opentofu.org/telmate/proxmox\"]","instances":[{"schema_version":0,"attributes":{"additional_wait":5,"agent":1,"agent_timeout":90,"args":"","automatic_reboot":true,"balloon":0,"bios":"seabios","boot":"c","bootdisk":"scsi0","ci_wait":null,"cicustom":null,"cipassword":"","ciupgrade":false,"ciuser":"inuk","clone":null,"clone_id":null,"clone_wait":10,"cores":0,"cpu":[{"affinity":"","cores":4,"flags":[],"limit":0,"numa":false,"sockets":1,"type":"host","units":0,"vcores":0}],"cpu_type":"","current_node":"tiny01","default_ipv4_address":null,"default_ipv6_address":null,"define_connection_info":false,"desc":"","description":"Managed by Terraform.","disk":[],"disks":[{"ide":[{"ide0":[],"ide1":[],"ide2":[{"cdrom":[],"cloudinit":[{"storage":"local-lvm"}],"disk":[],"ignore":false,"passthrough":[]}],"ide3":[]}],"sata":[],"scsi":[{"scsi0":[{"cdrom":[],"cloudinit":[],"disk":[{"asyncio":"","backup":true,"cache":"","discard":false,"emulatessd":true,"format":"raw","id":0,"iops_r_burst":0,"iops_r_burst_length":0,"iops_r_concurrent":0,"iops_wr_burst":0,"iops_wr_burst_length":0,"iops_wr_concurrent":0,"iothread":false,"linked_disk_id":-1,"mbps_r_burst":0,"mbps_r_concurrent":0,"mbps_wr_burst":0,"mbps_wr_concurrent":0,"readonly":false,"replicate":true,"serial":"","size":"24064M","storage":"local-lvm","wwn":""}],"ignore":false,"passthrough":[]}],"scsi1":[{"cdrom":[],"cloudinit":[],"disk":[{"asyncio":"","backup":true,"cache":"","discard":false,"emulatessd":true,"format":"raw","id":1,"iops_r_burst":0,"iops_r_burst_length":0,"iops_r_concurrent":0,"iops_wr_burst":0,"iops_wr_burst_length":0,"iops_wr_concurrent":0,"iothread":false,"linked_disk_id":-1,"mbps_r_burst":0,"mbps_r_concurrent":0,"mbps_wr_burst":0,"mbps_wr_concurrent":0,"readonly":false,"replicate":true,"serial":"","size":"64G","storage":"local-lvm","wwn":""}],"ignore":false,"passthrough":[]}],"scsi10":[],"scsi11":[],"scsi12":[],"scsi13":[],"scsi14":[],"scsi15":[],"scsi16":[],"scsi17":[],"scsi18":[],"scsi19":[],"scsi2":[{"cdrom":[],"cloudinit":[],"disk":[{"asyncio":"","backup":true,"cache":"","discard":false,"emulatessd":true,"format":"raw","id":3,"iops_r_burst":0,"iops_r_burst_length":0,"iops_r_concurrent":0,"iops_wr_burst":0,"iops_wr_burst_length":0,"iops_wr_concurrent":0,"iothread":false,"linked_disk_id":-1,"mbps_r_burst":0,"mbps_r_concurrent":0,"mbps_wr_burst":0,"mbps_wr_concurrent":0,"readonly":false,"replicate":true,"serial":"","size":"8G","storage":"local-lvm","wwn":""}],"ignore":false,"passthrough":[]}],"scsi20":[],"scsi21":[],"scsi22":[],"scsi23":[],"scsi24":[],"scsi25":[],"scsi26":[],"scsi27":[],"scsi28":[],"scsi29":[],"scsi3":[],"scsi30":[],"scsi4":[],"scsi5":[],"scsi6":[],"scsi7":[],"scsi8":[],"scsi9":[]}],"virtio":[]}],"efidisk":[],"force_create":false,"force_recreate_on_change_of":null,"full_clone":false,"hagroup":"","hastate":"","hostpci":[],"hotplug":"network,disk,usb","id":"tiny01/qemu/106","ipconfig0":"ip=dhcp","ipconfig1":null,"ipconfig10":null,"ipconfig11":null,"ipconfig12":null,"ipconfig13":null,"ipconfig14":null,"ipconfig15":null,"ipconfig2":null,"ipconfig3":null,"ipconfig4":null,"ipconfig5":null,"ipconfig6":null,"ipconfig7":null,"ipconfig8":null,"ipconfig9":null,"kvm":true,"linked_vmid":0,"machine":"","memory":6144,"name":"ilulissat","nameserver":null,"network":[{"bridge":"vmbr0","firewall":false,"id":0,"link_down":false,"macaddr":"bc:24:11:08:92:bd","model":"virtio","mtu":0,"queues":0,"rate":0,"tag":0}],"numa":false,"onboot":true,"os_network_config":null,"os_type":null,"pci":[],"pcis":[],"pool":"","protection":false,"pxe":null,"qemu_os":"other","reboot_required":false,"rng":[],"scsihw":"virtio-scsi-pci","searchdomain":null,"serial":[{"id":0,"type":"socket"}],"skip_ipv4":false,"skip_ipv6":false,"smbios":[{"family":"","manufacturer":"","product":"","serial":"","sku":"","uuid":"4b752b3f-f7d6-437d-bdc6-f56ad6c5bc1c","version":""}],"sockets":0,"ssh_forward_ip":null,"ssh_host":null,"ssh_port":null,"ssh_private_key":null,"ssh_user":null,"sshkeys":"ssh-rsa AAAAB3NzaC1yc2EAAAADAQABAAACAQCt/gZ2kyCtEbD6gBf3Tqz6h+cou1YiJ1C1yw0MgDIujgbdPs9FBGXGuU0+qb38nKWzy6jhfWqDQ5O1zvuxccswYrL6GRyPjDd/bTX+qqaE6K5MI67LXzVYZvXOx/+pqsLoGYeuYvcj0jevvaUGI2gL4AWf0+/vGARdQHcFcmU5GnEx58DOfHO8aGDAUNG74lMd1djp40lLKH+LUwnCWiRe83hgdVSBGkLaDVYMBSjpM0aPXhp6Y/SnFSrlfqqcQbZ9y1YtmiGZ7eyLvgRj4Klaf4q/Y7j4finzROPPGFs1SZkne3HYhVvsHnE/xW1YmhjDovvcCJpkwPm6NSgnZSgt7t4skVNivootTiEaenG3MgY1QCih+tTZ3M0s0MQXcYu20LL+HSnmIKnUlUjhtR8us45GVl/oXbKWowDi1OE5+bg/0EXqDmdwpW+5gFBo4XvTOjygEwJG+Hai6l8BwacjLET/QxNTORmNoA4Zf/qVd+IXJSeGfqGtF2LmAewcGa6cZ4vq1sZN0ZV4VnK5GdkSTYmvf8rQcfnRd1oa5nKStGl48Sfa907NeIHTj/vSC6sgdPmZi7MndiRWDhYKE33BujGhSbErKZRhOStOATnth+9FthGAnX5tQ53zkYKA6wOynh/p/2j3/RzVPYrXVm+FkSaLCFNSvKB2kiivaAB1BQ== bastian@inuk.blog\n","startup":"","tablet":true,"tags":" ","target_node":null,"target_nodes":["tiny01"],"timeouts":null,"tpm_state":[],"unused_disk":[{"file":"vm-106-disk-2","slot":0,"storage":"local-lvm"}],"usb":[],"usbs":[],"vcpus":0,"vga":[],"vm_state":"running","vmid":106},"sensitive_attributes":[[{"type":"get_attr","value":"cipassword"}],[{"type":"get_attr","value":"ssh_private_key"}]],"private":"eyJlMmJmYjczMC1lY2FhLTExZTYtOGY4OC0zNDM2M2JjN2M0YzAiOnsiY3JlYXRlIjoxMjAwMDAwMDAwMDAwLCJkZWZhdWx0IjoxMjAwMDAwMDAwMDAwLCJkZWxldGUiOjEyMDAwMDAwMDAwMDAsInJlYWQiOjEyMDAwMDAwMDAwMDAsInVwZGF0ZSI6MTIwMDAwMDAwMDAwMH19"}]},{"module":"module.kubernetes_nodes[\"narsaq\"]","mode":"managed","type":"proxmox_vm_qemu","name":"vm","provider":"provider[\"registry.opentofu.org/telmate/proxmox\"]","instances":[{"schema_version":0,"attributes":{"additional_wait":5,"agent":1,"agent_timeout":90,"args":"","automatic_reboot":true,"balloon":0,"bios":"seabios","boot":"c","bootdisk":"scsi0","ci_wait":null,"cicustom":null,"cipassword":"","ciupgrade":false,"ciuser":"inuk","clone":null,"clone_id":null,"clone_wait":10,"cores":0,"cpu":[{"affinity":"","cores":2,"flags":[],"limit":0,"numa":false,"sockets":1,"type":"host","units":0,"vcores":0}],"cpu_type":"","current_node":"sv0001","default_ipv4_address":null,"default_ipv6_address":null,"define_connection_info":false,"desc":"","description":"Managed by Terraform.","disk":[],"disks":[{"ide":[{"ide0":[],"ide1":[],"ide2":[{"cdrom":[],"cloudinit":[{"storage":"local-lvm"}],"disk":[],"ignore":false,"passthrough":[]}],"ide3":[]}],"sata":[],"scsi":[{"scsi0":[{"cdrom":[],"cloudinit":[],"disk":[{"asyncio":"","backup":true,"cache":"","discard":false,"emulatessd":false,"format":"raw","id":0,"iops_r_burst":0,"iops_r_burst_length":0,"iops_r_concurrent":0,"iops_wr_burst":0,"iops_wr_burst_length":0,"iops_wr_concurrent":0,"iothread":false,"linked_disk_id":-1,"mbps_r_burst":0,"mbps_r_concurrent":0,"mbps_wr_burst":0,"mbps_wr_concurrent":0,"readonly":false,"replicate":true,"serial":"","size":"17648M","storage":"local-lvm","wwn":""}],"ignore":false,"passthrough":[]}],"scsi1":[{"cdrom":[],"cloudinit":[],"disk":[{"asyncio":"","backup":true,"cache":"","discard":false,"emulatessd":false,"format":"raw","id":1,"iops_r_burst":0,"iops_r_burst_length":0,"iops_r_concurrent":0,"iops_wr_burst":0,"iops_wr_burst_length":0,"iops_wr_concurrent":0,"iothread":false,"linked_disk_id":-1,"mbps_r_burst":0,"mbps_r_concurrent":0,"mbps_wr_burst":0,"mbps_wr_concurrent":0,"readonly":false,"replicate":true,"serial":"","size":"13824M","storage":"local-lvm","wwn":""}],"ignore":false,"passthrough":[]}],"scsi10":[],"scsi11":[],"scsi12":[],"scsi13":[],"scsi14":[],"scsi15":[],"scsi16":[],"scsi17":[],"scsi18":[],"scsi19":[],"scsi2":[],"scsi20":[],"scsi21":[],"scsi22":[],"scsi23":[],"scsi24":[],"scsi25":[],"scsi26":[],"scsi27":[],"scsi28":[],"scsi29":[],"scsi3":[],"scsi30":[],"scsi4":[],"scsi5":[],"scsi6":[],"scsi7":[],"scsi8":[],"scsi9":[]}],"virtio":[]}],"efidisk":[],"force_create":false,"force_recreate_on_change_of":null,"full_clone":false,"hagroup":"","hastate":"","hostpci":[],"hotplug":"network,disk,usb","id":"sv0001/qemu/101","ipconfig0":"ip=dhcp","ipconfig1":null,"ipconfig10":null,"ipconfig11":null,"ipconfig12":null,"ipconfig13":null,"ipconfig14":null,"ipconfig15":null,"ipconfig2":null,"ipconfig3":null,"ipconfig4":null,"ipconfig5":null,"ipconfig6":null,"ipconfig7":null,"ipconfig8":null,"ipconfig9":null,"kvm":true,"linked_vmid":0,"machine":"","memory":4096,"name":"narsaq","nameserver":null,"network":[{"bridge":"vmbr0","firewall":false,"id":0,"link_down":false,"macaddr":"bc:24:11:67:79:08","model":"virtio","mtu":0,"queues":0,"rate":0,"tag":0}],"numa":false,"onboot":true,"os_network_config":null,"os_type":null,"pci":[],"pcis":[],"pool":"","protection":false,"pxe":null,"qemu_os":"other","reboot_required":false,"rng":[],"scsihw":"virtio-scsi-pci","searchdomain":null,"serial":[{"id":0,"type":"socket"}],"skip_ipv4":false,"skip_ipv6":false,"smbios":[{"family":"","manufacturer":"","product":"","serial":"","sku":"","uuid":"2e502ecf-8300-4fb5-b7b0-b5e0790976fd","version":""}],"sockets":0,"ssh_forward_ip":null,"ssh_host":null,"ssh_port":null,"ssh_private_key":null,"ssh_user":null,"sshkeys":"ssh-rsa AAAAB3NzaC1yc2EAAAADAQABAAACAQCt/gZ2kyCtEbD6gBf3Tqz6h+cou1YiJ1C1yw0MgDIujgbdPs9FBGXGuU0+qb38nKWzy6jhfWqDQ5O1zvuxccswYrL6GRyPjDd/bTX+qqaE6K5MI67LXzVYZvXOx/+pqsLoGYeuYvcj0jevvaUGI2gL4AWf0+/vGARdQHcFcmU5GnEx58DOfHO8aGDAUNG74lMd1djp40lLKH+LUwnCWiRe83hgdVSBGkLaDVYMBSjpM0aPXhp6Y/SnFSrlfqqcQbZ9y1YtmiGZ7eyLvgRj4Klaf4q/Y7j4finzROPPGFs1SZkne3HYhVvsHnE/xW1YmhjDovvcCJpkwPm6NSgnZSgt7t4skVNivootTiEaenG3MgY1QCih+tTZ3M0s0MQXcYu20LL+HSnmIKnUlUjhtR8us45GVl/oXbKWowDi1OE5+bg/0EXqDmdwpW+5gFBo4XvTOjygEwJG+Hai6l8BwacjLET/QxNTORmNoA4Zf/qVd+IXJSeGfqGtF2LmAewcGa6cZ4vq1sZN0ZV4VnK5GdkSTYmvf8rQcfnRd1oa5nKStGl48Sfa907NeIHTj/vSC6sgdPmZi7MndiRWDhYKE33BujGhSbErKZRhOStOATnth+9FthGAnX5tQ53zkYKA6wOynh/p/2j3/RzVPYrXVm+FkSaLCFNSvKB2kiivaAB1BQ== bastian@inuk.blog\n","startup":"","tablet":true,"tags":" ","target_node":null,"target_nodes":["sv0001"],"timeouts":null,"tpm_state":[],"unused_disk":[],"usb":[],"usbs":[],"vcpus":0,"vga":[],"vm_state":"running","vmid":101},"sensitive_attributes":[[{"type":"get_attr","value":"cipassword"}],[{"type":"get_attr","value":"ssh_private_key"}]],"private":"eyJlMmJmYjczMC1lY2FhLTExZTYtOGY4OC0zNDM2M2JjN2M0YzAiOnsiY3JlYXRlIjoxMjAwMDAwMDAwMDAwLCJkZWZhdWx0IjoxMjAwMDAwMDAwMDAwLCJkZWxldGUiOjEyMDAwMDAwMDAwMDAsInJlYWQiOjEyMDAwMDAwMDAwMDAsInVwZGF0ZSI6MTIwMDAwMDAwMDAwMH19"}]},{"module":"module.kubernetes_nodes[\"nuuk\"]","mode":"managed","type":"proxmox_vm_qemu","name":"vm","provider":"provider[\"registry.opentofu.org/telmate/proxmox\"]","instances":[{"schema_version":0,"attributes":{"additional_wait":5,"agent":1,"agent_timeout":90,"args":"","automatic_reboot":true,"balloon":0,"bios":"seabios","boot":"c","bootdisk":"scsi0","ci_wait":null,"cicustom":null,"cipassword":"","ciupgrade":false,"ciuser":"inuk","clone":null,"clone_id":null,"clone_wait":10,"cores":0,"cpu":[{"affinity":"","cores":4,"flags":[],"limit":0,"numa":false,"sockets":1,"type":"host","units":0,"vcores":0}],"cpu_type":"","current_node":"nano01","default_ipv4_address":null,"default_ipv6_address":null,"define_connection_info":false,"desc":"","description":"Managed by Terraform.","disk":[],"disks":[{"ide":[{"ide0":[],"ide1":[],"ide2":[{"cdrom":[],"cloudinit":[{"storage":"local-lvm"}],"disk":[],"ignore":false,"passthrough":[]}],"ide3":[]}],"sata":[],"scsi":[{"scsi0":[{"cdrom":[],"cloudinit":[],"disk":[{"asyncio":"","backup":true,"cache":"","discard":false,"emulatessd":true,"format":"raw","id":0,"iops_r_burst":0,"iops_r_burst_length":0,"iops_r_concurrent":0,"iops_wr_burst":0,"iops_wr_burst_length":0,"iops_wr_concurrent":0,"iothread":false,"linked_disk_id":-1,"mbps_r_burst":0,"mbps_r_concurrent":0,"mbps_wr_burst":0,"mbps_wr_concurrent":0,"readonly":false,"replicate":true,"serial":"","size":"24064M","storage":"local-lvm","wwn":""}],"ignore":false,"passthrough":[]}],"scsi1":[{"cdrom":[],"cloudinit":[],"disk":[{"asyncio":"","backup":true,"cache":"","discard":false,"emulatessd":true,"format":"raw","id":1,"iops_r_burst":0,"iops_r_burst_length":0,"iops_r_concurrent":0,"iops_wr_burst":0,"iops_wr_burst_length":0,"iops_wr_concurrent":0,"iothread":false,"linked_disk_id":-1,"mbps_r_burst":0,"mbps_r_concurrent":0,"mbps_wr_burst":0,"mbps_wr_concurrent":0,"readonly":false,"replicate":true,"serial":"","size":"32G","storage":"local-lvm","wwn":""}],"ignore":false,"passthrough":[]}],"scsi10":[],"scsi11":[],"scsi12":[],"scsi13":[],"scsi14":[],"scsi15":[],"scsi16":[],"scsi17":[],"scsi18":[],"scsi19":[],"scsi2":[{"cdrom":[],"cloudinit":[],"disk":[{"asyncio":"","backup":true,"cache":"","discard":false,"emulatessd":false,"format":"raw","id":2,"iops_r_burst":0,"iops_r_burst_length":0,"iops_r_concurrent":0,"iops_wr_burst":0,"iops_wr_burst_length":0,"iops_wr_concurrent":0,"iothread":false,"linked_disk_id":-1,"mbps_r_burst":0,"mbps_r_concurrent":0,"mbps_wr_burst":0,"mbps_wr_concurrent":0,"readonly":false,"replicate":true,"serial":"","size":"13824M","storage":"local-lvm","wwn":""}],"ignore":false,"passthrough":[]}],"scsi20":[],"scsi21":[],"scsi22":[],"scsi23":[],"scsi24":[],"scsi25":[],"scsi26":[],"scsi27":[],"scsi28":[],"scsi29":[],"scsi3":[],"scsi30":[],"scsi4":[],"scsi5":[],"scsi6":[],"scsi7":[],"scsi8":[],"scsi9":[]}],"virtio":[]}],"efidisk":[],"force_create":false,"force_recreate_on_change_of":null,"full_clone":false,"hagroup":"","hastate":"","hostpci":[],"hotplug":"network,disk,usb","id":"nano01/qemu/100","ipconfig0":"ip=dhcp","ipconfig1":null,"ipconfig10":null,"ipconfig11":null,"ipconfig12":null,"ipconfig13":null,"ipconfig14":null,"ipconfig15":null,"ipconfig2":null,"ipconfig3":null,"ipconfig4":null,"ipconfig5":null,"ipconfig6":null,"ipconfig7":null,"ipconfig8":null,"ipconfig9":null,"kvm":true,"linked_vmid":0,"machine":"","memory":6144,"name":"nuuk","nameserver":null,"network":[{"bridge":"vmbr0","firewall":false,"id":0,"link_down":false,"macaddr":"bc:24:11:38:a7:81","model":"virtio","mtu":0,"queues":0,"rate":0,"tag":0}],"numa":false,"onboot":true,"os_network_config":null,"os_type":null,"pci":[],"pcis":[],"pool":"","protection":false,"pxe":null,"qemu_os":"other","reboot_required":false,"rng":[],"scsihw":"virtio-scsi-pci","searchdomain":null,"serial":[{"id":0,"type":"socket"}],"skip_ipv4":false,"skip_ipv6":false,"smbios":[{"family":"","manufacturer":"","product":"","serial":"","sku":"","uuid":"64d36c30-5341-4fdb-86f3-ca50ad858c1a","version":""}],"sockets":0,"ssh_forward_ip":null,"ssh_host":null,"ssh_port":null,"ssh_private_key":null,"ssh_user":null,"sshkeys":"ssh-rsa AAAAB3NzaC1yc2EAAAADAQABAAACAQCt/gZ2kyCtEbD6gBf3Tqz6h+cou1YiJ1C1yw0MgDIujgbdPs9FBGXGuU0+qb38nKWzy6jhfWqDQ5O1zvuxccswYrL6GRyPjDd/bTX+qqaE6K5MI67LXzVYZvXOx/+pqsLoGYeuYvcj0jevvaUGI2gL4AWf0+/vGARdQHcFcmU5GnEx58DOfHO8aGDAUNG74lMd1djp40lLKH+LUwnCWiRe83hgdVSBGkLaDVYMBSjpM0aPXhp6Y/SnFSrlfqqcQbZ9y1YtmiGZ7eyLvgRj4Klaf4q/Y7j4finzROPPGFs1SZkne3HYhVvsHnE/xW1YmhjDovvcCJpkwPm6NSgnZSgt7t4skVNivootTiEaenG3MgY1QCih+tTZ3M0s0MQXcYu20LL+HSnmIKnUlUjhtR8us45GVl/oXbKWowDi1OE5+bg/0EXqDmdwpW+5gFBo4XvTOjygEwJG+Hai6l8BwacjLET/QxNTORmNoA4Zf/qVd+IXJSeGfqGtF2LmAewcGa6cZ4vq1sZN0ZV4VnK5GdkSTYmvf8rQcfnRd1oa5nKStGl48Sfa907NeIHTj/vSC6sgdPmZi7MndiRWDhYKE33BujGhSbErKZRhOStOATnth+9FthGAnX5tQ53zkYKA6wOynh/p/2j3/RzVPYrXVm+FkSaLCFNSvKB2kiivaAB1BQ== bastian@inuk.blog\n","startup":"","tablet":true,"tags":" ","target_node":null,"target_nodes":["nano01"],"timeouts":null,"tpm_state":[],"unused_disk":[],"usb":[],"usbs":[],"vcpus":0,"vga":[],"vm_state":"running","vmid":100},"sensitive_attributes":[[{"type":"get_attr","value":"ssh_private_key"}],[{"type":"get_attr","value":"cipassword"}]],"private":"eyJlMmJmYjczMC1lY2FhLTExZTYtOGY4OC0zNDM2M2JjN2M0YzAiOnsiY3JlYXRlIjoxMjAwMDAwMDAwMDAwLCJkZWZhdWx0IjoxMjAwMDAwMDAwMDAwLCJkZWxldGUiOjEyMDAwMDAwMDAwMDAsInJlYWQiOjEyMDAwMDAwMDAwMDAsInVwZGF0ZSI6MTIwMDAwMDAwMDAwMH19"}]},{"module":"module.kubernetes_nodes[\"qaqortoq\"]","mode":"managed","type":"proxmox_vm_qemu","name":"vm","provider":"provider[\"registry.opentofu.org/telmate/proxmox\"]","instances":[{"schema_version":0,"attributes":{"additional_wait":5,"agent":1,"agent_timeout":90,"args":"","automatic_reboot":true,"balloon":0,"bios":"seabios","boot":"c","bootdisk":"scsi0","ci_wait":null,"cicustom":null,"cipassword":"","ciupgrade":false,"ciuser":"inuk","clone":null,"clone_id":null,"clone_wait":10,"cores":0,"cpu":[{"affinity":"","cores":4,"flags":[],"limit":0,"numa":false,"sockets":1,"type":"host","units":0,"vcores":0}],"cpu_type":"","current_node":"sv0001","default_ipv4_address":null,"default_ipv6_address":null,"define_connection_info":false,"desc":"","description":"Managed by Terraform.","disk":[],"disks":[{"ide":[{"ide0":[],"ide1":[],"ide2":[{"cdrom":[],"cloudinit":[{"storage":"local-lvm"}],"disk":[],"ignore":false,"passthrough":[]}],"ide3":[]}],"sata":[],"scsi":[{"scsi0":[{"cdrom":[],"cloudinit":[],"disk":[{"asyncio":"","backup":true,"cache":"","discard":false,"emulatessd":true,"format":"raw","id":0,"iops_r_burst":0,"iops_r_burst_length":0,"iops_r_concurrent":0,"iops_wr_burst":0,"iops_wr_burst_length":0,"iops_wr_concurrent":0,"iothread":false,"linked_disk_id":-1,"mbps_r_burst":0,"mbps_r_concurrent":0,"mbps_wr_burst":0,"mbps_wr_concurrent":0,"readonly":false,"replicate":true,"serial":"","size":"24064M","storage":"local-lvm","wwn":""}],"ignore":false,"passthrough":[]}],"scsi1":[{"cdrom":[],"cloudinit":[],"disk":[{"asyncio":"","backup":true,"cache":"","discard":false,"emulatessd":true,"format":"raw","id":1,"iops_r_burst":0,"iops_r_burst_length":0,"iops_r_concurrent":0,"iops_wr_burst":0,"iops_wr_burst_length":0,"iops_wr_concurrent":0,"iothread":false,"linked_disk_id":-1,"mbps_r_burst":0,"mbps_r_concurrent":0,"mbps_wr_burst":0,"mbps_wr_concurrent":0,"readonly":false,"replicate":true,"serial":"","size":"52G","storage":"local-lvm","wwn":""}],"ignore":false,"passthrough":[]}],"scsi10":[],"scsi11":[],"scsi12":[],"scsi13":[],"scsi14":[],"scsi15":[],"scsi16":[],"scsi17":[],"scsi18":[],"scsi19":[],"scsi2":[{"cdrom":[],"cloudinit":[],"disk":[{"asyncio":"","backup":true,"cache":"","discard":false,"emulatessd":true,"format":"raw","id":2,"iops_r_burst":0,"iops_r_burst_length":0,"iops_r_concurrent":0,"iops_wr_burst":0,"iops_wr_burst_length":0,"iops_wr_concurrent":0,"iothread":false,"linked_disk_id":-1,"mbps_r_burst":0,"mbps_r_concurrent":0,"mbps_wr_burst":0,"mbps_wr_concurrent":0,"readonly":false,"replicate":true,"serial":"","size":"8G","storage":"local-lvm","wwn":""}],"ignore":false,"passthrough":[]}],"scsi20":[],"scsi21":[],"scsi22":[],"scsi23":[],"scsi24":[],"scsi25":[],"scsi26":[],"scsi27":[],"scsi28":[],"scsi29":[],"scsi3":[{"cdrom":[],"cloudinit":[],"disk":[{"asyncio":"","backup":true,"cache":"","discard":false,"emulatessd":true,"format":"raw","id":3,"iops_r_burst":0,"iops_r_burst_length":0,"iops_r_concurrent":0,"iops_wr_burst":0,"iops_wr_burst_length":0,"iops_wr_concurrent":0,"iothread":false,"linked_disk_id":-1,"mbps_r_burst":0,"mbps_r_concurrent":0,"mbps_wr_burst":0,"mbps_wr_concurrent":0,"readonly":false,"replicate":true,"serial":"","size":"12G","storage":"local-lvm","wwn":""}],"ignore":false,"passthrough":[]}],"scsi30":[],"scsi4":[],"scsi5":[],"scsi6":[],"scsi7":[],"scsi8":[],"scsi9":[]}],"virtio":[]}],"efidisk":[],"force_create":false,"force_recreate_on_change_of":null,"full_clone":false,"hagroup":"","hastate":"","hostpci":[],"hotplug":"network,disk,usb","id":"sv0001/qemu/107","ipconfig0":"ip=dhcp","ipconfig1":null,"ipconfig10":null,"ipconfig11":null,"ipconfig12":null,"ipconfig13":null,"ipconfig14":null,"ipconfig15":null,"ipconfig2":null,"ipconfig3":null,"ipconfig4":null,"ipconfig5":null,"ipconfig6":null,"ipconfig7":null,"ipconfig8":null,"ipconfig9":null,"kvm":true,"linked_vmid":0,"machine":"","memory":6144,"name":"qaqortoq","nameserver":null,"network":[{"bridge":"vmbr0","firewall":false,"id":0,"link_down":false,"macaddr":"bc:24:11:5b:8a:9a","model":"virtio","mtu":0,"queues":0,"rate":0,"tag":0}],"numa":false,"onboot":true,"os_network_config":null,"os_type":null,"pci":[],"pcis":[],"pool":"","protection":false,"pxe":null,"qemu_os":"other","reboot_required":false,"rng":[],"scsihw":"virtio-scsi-pci","searchdomain":null,"serial":[{"id":0,"type":"socket"}],"skip_ipv4":false,"skip_ipv6":false,"smbios":[{"family":"","manufacturer":"","product":"","serial":"","sku":"","uuid":"53b83f56-8c40-498e-a1c9-f853b0695c58","version":""}],"sockets":0,"ssh_forward_ip":null,"ssh_host":null,"ssh_port":null,"ssh_private_key":null,"ssh_user":null,"sshkeys":"ssh-rsa AAAAB3NzaC1yc2EAAAADAQABAAACAQCt/gZ2kyCtEbD6gBf3Tqz6h+cou1YiJ1C1yw0MgDIujgbdPs9FBGXGuU0+qb38nKWzy6jhfWqDQ5O1zvuxccswYrL6GRyPjDd/bTX+qqaE6K5MI67LXzVYZvXOx/+pqsLoGYeuYvcj0jevvaUGI2gL4AWf0+/vGARdQHcFcmU5GnEx58DOfHO8aGDAUNG74lMd1djp40lLKH+LUwnCWiRe83hgdVSBGkLaDVYMBSjpM0aPXhp6Y/SnFSrlfqqcQbZ9y1YtmiGZ7eyLvgRj4Klaf4q/Y7j4finzROPPGFs1SZkne3HYhVvsHnE/xW1YmhjDovvcCJpkwPm6NSgnZSgt7t4skVNivootTiEaenG3MgY1QCih+tTZ3M0s0MQXcYu20LL+HSnmIKnUlUjhtR8us45GVl/oXbKWowDi1OE5+bg/0EXqDmdwpW+5gFBo4XvTOjygEwJG+Hai6l8BwacjLET/QxNTORmNoA4Zf/qVd+IXJSeGfqGtF2LmAewcGa6cZ4vq1sZN0ZV4VnK5GdkSTYmvf8rQcfnRd1oa5nKStGl48Sfa907NeIHTj/vSC6sgdPmZi7MndiRWDhYKE33BujGhSbErKZRhOStOATnth+9FthGAnX5tQ53zkYKA6wOynh/p/2j3/RzVPYrXVm+FkSaLCFNSvKB2kiivaAB1BQ== bastian@inuk.blog\n","startup":"","tablet":true,"tags":" ","target_node":null,"target_nodes":["sv0001"],"timeouts":null,"tpm_state":[],"unused_disk":[],"usb":[],"usbs":[],"vcpus":0,"vga":[],"vm_state":"running","vmid":107},"sensitive_attributes":[[{"type":"get_attr","value":"cipassword"}],[{"type":"get_attr","value":"ssh_private_key"}]],"private":"eyJlMmJmYjczMC1lY2FhLTExZTYtOGY4OC0zNDM2M2JjN2M0YzAiOnsiY3JlYXRlIjoxMjAwMDAwMDAwMDAwLCJkZWZhdWx0IjoxMjAwMDAwMDAwMDAwLCJkZWxldGUiOjEyMDAwMDAwMDAwMDAsInJlYWQiOjEyMDAwMDAwMDAwMDAsInVwZGF0ZSI6MTIwMDAwMDAwMDAwMH19"}]}],"check_results":null}
